{
  "name": "ts",
  "version": "1.0.0",
  "lockfileVersion": 3,
  "requires": true,
  "packages": {
    "": {
      "name": "ts",
      "version": "1.0.0",
      "license": "ISC",
      "dependencies": {
        "phoenix": "^1.8.1",
        "zod": "^4.0.17"
      },
      "devDependencies": {
        "@types/phoenix": "^1.6.6",
        "typescript": "^5.8.3"
      }
    },
    "node_modules/@types/phoenix": {
      "version": "1.6.6",
      "resolved": "https://registry.npmjs.org/@types/phoenix/-/phoenix-1.6.6.tgz",
      "integrity": "sha512-PIzZZlEppgrpoT2QgbnDU+MMzuR6BbCjllj0bM70lWoejMeNJAxCchxnv7J3XFkI8MpygtRpzXrIlmWUBclP5A==",
      "dev": true,
      "license": "MIT"
    },
    "node_modules/phoenix": {
      "version": "1.8.1",
      "resolved": "https://registry.npmjs.org/phoenix/-/phoenix-1.8.1.tgz",
      "integrity": "sha512-7i2a5f5y0Qhzi2g/+iuaGr4TzRt5ucqI0JeV2Q9K0swqY8L2C7CLR66RcGCpcQKGOY73B5GLKMYEl13o/9l/Cg==",
      "license": "MIT"
    },
    "node_modules/typescript": {
      "version": "5.8.3",
      "resolved": "https://registry.npmjs.org/typescript/-/typescript-5.8.3.tgz",
      "integrity": "sha512-p1diW6TqL9L07nNxvRMM7hMMw4c5XOo/1ibL4aAIGmSAt9slTE1Xgw5KWuof2uTOvCg9BY7ZRi+GaF+7sfgPeQ==",
      "dev": true,
      "license": "Apache-2.0",
      "bin": {
        "tsc": "bin/tsc",
        "tsserver": "bin/tsserver"
      },
      "engines": {
        "node": ">=14.17"
      }
    },
    "node_modules/zod": {
      "version": "4.0.17",
      "resolved": "https://registry.npmjs.org/zod/-/zod-4.0.17.tgz",
      "integrity": "sha512-1PHjlYRevNxxdy2JZ8JcNAw7rX8V9P1AKkP+x/xZfxB0K5FYfuV+Ug6P/6NVSR2jHQ+FzDDoDHS04nYUsOIyLQ==",
      "license": "MIT",
      "funding": {
        "url": "https://github.com/sponsors/colinhacks"
      }
    }
  }
}
